github.com/Tnze/go-mc v1.16.1 h1:KX2h8pLjqz6bJVVJpMa0TE6lkcPmAyzhlfhFp8AwyEs=
github.com/Tnze/go-mc v1.16.1/go.mod h1:LKj1KKSj4m58fpJaTmOHC3DdQKJ1RSfEGHFR1zMLSF8=
github.com/google/uuid v1.1.1 h1:Gkbcsh/GbpXz7lPftLA3P6TYMwjCLYm83jiFQZF/3gY=
github.com/google/uuid v1.1.1/go.mod h1:TIyPZe4MgqvfeYDBFedMoGGpEw/LqOeaOT+nhxU+yHo=
github.com/google/uuid v1.1.4 h1:0ecGp3skIrHWPNGPJDaBIghfA6Sp7Ruo2Io8eLKzWm0=
github.com/google/uuid v1.1.4/go.mod h1:TIyPZe4MgqvfeYDBFedMoGGpEw/LqOeaOT+nhxU+yHo=
github.com/ugjka/cleverbot-go v0.0.0-20181113132206-820458cebd7b h1:aZzm1PlT23R77r95LYwr01CIDrqAlwB7xeHTsqQjbUg=
github.com/ugjka/cleverbot-go v0.0.0-20181113132206-820458cebd7b/go.mod h1:IbIb5Zooqv8AxacEHaq/o+XXy/q2TSk4NkSP4E8TW2w=
golang.org/dl v0.0.0-20210311202548-10a9b498f331 h1:U35nhDc23cFi00WSCnBTJqw06dH4Raz4H/1aYFNF+UM=
golang.org/dl v0.0.0-20210311202548-10a9b498f331/go.mod h1:IUMfjQLJQd4UTqG1Z90tenwKoCX93Gn3MAQJMOSBsDQ=
